PODS:
  - Alamofire (4.0.1)
  - ReachabilitySwift (4.3.0)

DEPENDENCIES:
  - Alamofire (~> 4.0.0)
  - ReachabilitySwift

SPEC REPOS:
  https://github.com/cocoapods/specs.git:
    - Alamofire
    - ReachabilitySwift

SPEC CHECKSUMS:
  Alamofire: 7682d43245de14874acd142ec137b144aa1dd335
  ReachabilitySwift: 408477d1b6ed9779dba301953171e017c31241f3

PODFILE CHECKSUM: 12aabec1bff55a526e46b3f84f8a7f61ec0947b5

COCOAPODS: 1.5.3
